
Microsoft Visual Studio Solution File, Format Version 12.00
# Visual Studio Version 16
VisualStudioVersion = 16.0.32510.428
MinimumVisualStudioVersion = 10.0.40219.1
Project("{8BC9CEB8-8B4A-11D0-8D11-00A0C91BC942}") = "40", "40\40.vcxproj", "{234051E5-EA1E-4AF0-8B42-2F236A5A4F64}"
EndProject
Global
	GlobalSection(SolutionConfigurationPlatforms) = preSolution
		Debug|x64 = Debug|x64
		Debug|x86 = Debug|x86
		Release|x64 = Release|x64
		Release|x86 = Release|x86
	EndGlobalSection
	GlobalSection(ProjectConfigurationPlatforms) = postSolution
		{234051E5-EA1E-4AF0-8B42-2F236A5A4F64}.Debug|x64.ActiveCfg = Debug|x64
		{234051E5-EA1E-4AF0-8B42-2F236A5A4F64}.Debug|x64.Build.0 = Debug|x64
		{234051E5-EA1E-4AF0-8B42-2F236A5A4F64}.Debug|x86.ActiveCfg = Debug|Win32
		{234051E5-EA1E-4AF0-8B42-2F236A5A4F64}.Debug|x86.Build.0 = Debug|Win32
		{234051E5-EA1E-4AF0-8B42-2F236A5A4F64}.Release|x64.ActiveCfg = Release|x64
		{234051E5-EA1E-4AF0-8B42-2F236A5A4F64}.Release|x64.Build.0 = Release|x64
		{234051E5-EA1E-4AF0-8B42-2F236A5A4F64}.Release|x86.ActiveCfg = Release|Win32
		{234051E5-EA1E-4AF0-8B42-2F236A5A4F64}.Release|x86.Build.0 = Release|Win32
	EndGlobalSection
	GlobalSection(SolutionProperties) = preSolution
		HideSolutionNode = FALSE
	EndGlobalSection
	GlobalSection(ExtensibilityGlobals) = postSolution
		SolutionGuid = {7CB701BC-EDFA-4B5E-9ABF-4ABBCC10CC2B}
	EndGlobalSection
EndGlobal
